version = 1
revision = 2
requires-python = ">=3.12"

[[package]]
name = "certifi"
version = "2025.11.12"
source = { registry = "https://pypi.org/simple" }
sdist = { url = "https://files.pythonhosted.org/packages/a2/8c/58f469717fa48465e4a50c014a0400602d3c437d7c0c468e17ada824da3a/certifi-2025.11.12.tar.gz", hash = "sha256:d8ab5478f2ecd78af242878415affce761ca6bc54a22a27e026d7c25357c3316", size = 160538, upload-time = "2025-11-12T02:54:51.517Z" }
wheels = [
    { url = "https://files.pythonhosted.org/packages/70/7d/9bc192684cea499815ff478dfcdc13835ddf401365057044fb721ec6bddb/certifi-2025.11.12-py3-none-any.whl", hash = "sha256:97de8790030bbd5c2d96b7ec782fc2f7820ef8dba6db909ccf95449f2d062d4b", size = 159438, upload-time = "2025-11-12T02:54:49.735Z" },
]

[[package]]
name = "elastic-transport"
version = "8.17.1"
source = { registry = "https://pypi.org/simple" }
dependencies = [
    { name = "certifi" },
    { name = "urllib3" },
]
sdist = { url = "https://files.pythonhosted.org/packages/6a/54/d498a766ac8fa475f931da85a154666cc81a70f8eb4a780bc8e4e934e9ac/elastic_transport-8.17.1.tar.gz", hash = "sha256:5edef32ac864dca8e2f0a613ef63491ee8d6b8cfb52881fa7313ba9290cac6d2", size = 73425, upload-time = "2025-03-13T07:28:30.776Z" }
wheels = [
    { url = "https://files.pythonhosted.org/packages/cf/cd/b71d5bc74cde7fc6fd9b2ff9389890f45d9762cbbbf81dc5e51fd7588c4a/elastic_transport-8.17.1-py3-none-any.whl", hash = "sha256:192718f498f1d10c5e9aa8b9cf32aed405e469a7f0e9d6a8923431dbb2c59fb8", size = 64969, upload-time = "2025-03-13T07:28:29.031Z" },
]

[[package]]
name = "elasticsearch"
version = "8.19.2"
source = { registry = "https://pypi.org/simple" }
dependencies = [
    { name = "elastic-transport" },
    { name = "python-dateutil" },
    { name = "typing-extensions" },
]
sdist = { url = "https://files.pythonhosted.org/packages/42/7b/70b9d16069eda6f91d45fadd9e12faed8e4442f242ca8a81de84bc626f1b/elasticsearch-8.19.2.tar.gz", hash = "sha256:622efa6a3e662db45285f16ab57bf198ea73ac9e137e7ed8b1d1d1e47638959d", size = 797401, upload-time = "2025-10-28T16:36:44.953Z" }
wheels = [
    { url = "https://files.pythonhosted.org/packages/56/01/6f77d042b83260ef9ed73ea9647dfa0ef8414eba0a3fc57a509a088ad39b/elasticsearch-8.19.2-py3-none-any.whl", hash = "sha256:c16ba20c4c76cf6952e836dae7f4e724e00ba7bf31b94b79472b873683accdd4", size = 949706, upload-time = "2025-10-28T16:36:41.003Z" },
]

[[package]]
name = "indexer"
version = "0.1.0"
source = { virtual = "." }
dependencies = [
    { name = "elasticsearch" },
    { name = "orjson" },
]

[package.metadata]
requires-dist = [
    { name = "elasticsearch", specifier = "<9" },
    { name = "orjson", specifier = ">=3.10.12" },
]

[[package]]
name = "orjson"
version = "3.10.12"
source = { registry = "https://pypi.org/simple" }
sdist = { url = "https://files.pythonhosted.org/packages/e0/04/bb9f72987e7f62fb591d6c880c0caaa16238e4e530cbc3bdc84a7372d75f/orjson-3.10.12.tar.gz", hash = "sha256:0a78bbda3aea0f9f079057ee1ee8a1ecf790d4f1af88dd67493c6b8ee52506ff", size = 5438647, upload-time = "2024-11-23T19:42:56.895Z" }
wheels = [
    { url = "https://files.pythonhosted.org/packages/a1/2f/989adcafad49afb535da56b95d8f87d82e748548b2a86003ac129314079c/orjson-3.10.12-cp312-cp312-macosx_10_15_x86_64.macosx_11_0_arm64.macosx_10_15_universal2.whl", hash = "sha256:53206d72eb656ca5ac7d3a7141e83c5bbd3ac30d5eccfe019409177a57634b0d", size = 248678, upload-time = "2024-11-23T19:41:33.346Z" },
    { url = "https://files.pythonhosted.org/packages/69/b9/8c075e21a50c387649db262b618ebb7e4d40f4197b949c146fc225dd23da/orjson-3.10.12-cp312-cp312-manylinux_2_17_aarch64.manylinux2014_aarch64.whl", hash = "sha256:ac8010afc2150d417ebda810e8df08dd3f544e0dd2acab5370cfa6bcc0662f8f", size = 136763, upload-time = "2024-11-23T19:41:35.539Z" },
    { url = "https://files.pythonhosted.org/packages/87/d3/78edf10b4ab14c19f6d918cf46a145818f4aca2b5a1773c894c5490d3a4c/orjson-3.10.12-cp312-cp312-manylinux_2_17_armv7l.manylinux2014_armv7l.whl", hash = "sha256:ed459b46012ae950dd2e17150e838ab08215421487371fa79d0eced8d1461d70", size = 149137, upload-time = "2024-11-23T19:41:36.937Z" },
    { url = "https://files.pythonhosted.org/packages/16/81/5db8852bdf990a0ddc997fa8f16b80895b8cc77c0fe3701569ed2b4b9e78/orjson-3.10.12-cp312-cp312-manylinux_2_17_ppc64le.manylinux2014_ppc64le.whl", hash = "sha256:8dcb9673f108a93c1b52bfc51b0af422c2d08d4fc710ce9c839faad25020bb69", size = 140567, upload-time = "2024-11-23T19:41:38.353Z" },
    { url = "https://files.pythonhosted.org/packages/fa/a6/9ce1e3e3db918512efadad489630c25841eb148513d21dab96f6b4157fa1/orjson-3.10.12-cp312-cp312-manylinux_2_17_s390x.manylinux2014_s390x.whl", hash = "sha256:22a51ae77680c5c4652ebc63a83d5255ac7d65582891d9424b566fb3b5375ee9", size = 156620, upload-time = "2024-11-23T19:41:39.689Z" },
    { url = "https://files.pythonhosted.org/packages/47/d4/05133d6bea24e292d2f7628b1e19986554f7d97b6412b3e51d812e38db2d/orjson-3.10.12-cp312-cp312-manylinux_2_17_x86_64.manylinux2014_x86_64.whl", hash = "sha256:910fdf2ac0637b9a77d1aad65f803bac414f0b06f720073438a7bd8906298192", size = 131555, upload-time = "2024-11-23T19:41:41.172Z" },
    { url = "https://files.pythonhosted.org/packages/b9/7a/b3fbffda8743135c7811e95dc2ab7cdbc5f04999b83c2957d046f1b3fac9/orjson-3.10.12-cp312-cp312-manylinux_2_5_i686.manylinux1_i686.whl", hash = "sha256:24ce85f7100160936bc2116c09d1a8492639418633119a2224114f67f63a4559", size = 139743, upload-time = "2024-11-23T19:41:42.636Z" },
    { url = "https://files.pythonhosted.org/packages/b5/13/95bbcc9a6584aa083da5ce5004ce3d59ea362a542a0b0938d884fd8790b6/orjson-3.10.12-cp312-cp312-musllinux_1_2_aarch64.whl", hash = "sha256:8a76ba5fc8dd9c913640292df27bff80a685bed3a3c990d59aa6ce24c352f8fc", size = 131733, upload-time = "2024-11-23T19:41:44.184Z" },
    { url = "https://files.pythonhosted.org/packages/e8/29/dddbb2ea6e7af426fcc3da65a370618a88141de75c6603313d70768d1df1/orjson-3.10.12-cp312-cp312-musllinux_1_2_armv7l.whl", hash = "sha256:ff70ef093895fd53f4055ca75f93f047e088d1430888ca1229393a7c0521100f", size = 415788, upload-time = "2024-11-23T19:41:45.612Z" },
    { url = "https://files.pythonhosted.org/packages/53/df/4aea59324ac539975919b4705ee086aced38e351a6eb3eea0f5071dd5661/orjson-3.10.12-cp312-cp312-musllinux_1_2_i686.whl", hash = "sha256:f4244b7018b5753ecd10a6d324ec1f347da130c953a9c88432c7fbc8875d13be", size = 142347, upload-time = "2024-11-23T19:41:48.128Z" },
    { url = "https://files.pythonhosted.org/packages/55/55/a52d83d7c49f8ff44e0daab10554490447d6c658771569e1c662aa7057fe/orjson-3.10.12-cp312-cp312-musllinux_1_2_x86_64.whl", hash = "sha256:16135ccca03445f37921fa4b585cff9a58aa8d81ebcb27622e69bfadd220b32c", size = 130829, upload-time = "2024-11-23T19:41:49.702Z" },
    { url = "https://files.pythonhosted.org/packages/a1/8b/b1beb1624dd4adf7d72e2d9b73c4b529e7851c0c754f17858ea13e368b33/orjson-3.10.12-cp312-none-win32.whl", hash = "sha256:2d879c81172d583e34153d524fcba5d4adafbab8349a7b9f16ae511c2cee8708", size = 143659, upload-time = "2024-11-23T19:41:51.122Z" },
    { url = "https://files.pythonhosted.org/packages/13/91/634c9cd0bfc6a857fc8fab9bf1a1bd9f7f3345e0d6ca5c3d4569ceb6dcfa/orjson-3.10.12-cp312-none-win_amd64.whl", hash = "sha256:fc23f691fa0f5c140576b8c365bc942d577d861a9ee1142e4db468e4e17094fb", size = 135221, upload-time = "2024-11-23T19:41:52.569Z" },
    { url = "https://files.pythonhosted.org/packages/1b/bb/3f560735f46fa6f875a9d7c4c2171a58cfb19f56a633d5ad5037a924f35f/orjson-3.10.12-cp313-cp313-macosx_10_15_x86_64.macosx_11_0_arm64.macosx_10_15_universal2.whl", hash = "sha256:47962841b2a8aa9a258b377f5188db31ba49af47d4003a32f55d6f8b19006543", size = 248662, upload-time = "2024-11-23T19:41:54.073Z" },
    { url = "https://files.pythonhosted.org/packages/a3/df/54817902350636cc9270db20486442ab0e4db33b38555300a1159b439d16/orjson-3.10.12-cp313-cp313-manylinux_2_17_aarch64.manylinux2014_aarch64.whl", hash = "sha256:6334730e2532e77b6054e87ca84f3072bee308a45a452ea0bffbbbc40a67e296", size = 126055, upload-time = "2024-11-23T19:41:55.767Z" },
    { url = "https://files.pythonhosted.org/packages/2e/77/55835914894e00332601a74540840f7665e81f20b3e2b9a97614af8565ed/orjson-3.10.12-cp313-cp313-manylinux_2_17_x86_64.manylinux2014_x86_64.whl", hash = "sha256:accfe93f42713c899fdac2747e8d0d5c659592df2792888c6c5f829472e4f85e", size = 131507, upload-time = "2024-11-23T19:41:57.942Z" },
    { url = "https://files.pythonhosted.org/packages/33/9e/b91288361898e3158062a876b5013c519a5d13e692ac7686e3486c4133ab/orjson-3.10.12-cp313-cp313-musllinux_1_2_aarch64.whl", hash = "sha256:a7974c490c014c48810d1dede6c754c3cc46598da758c25ca3b4001ac45b703f", size = 131686, upload-time = "2024-11-23T19:41:59.351Z" },
    { url = "https://files.pythonhosted.org/packages/b2/15/08ce117d60a4d2d3fd24e6b21db463139a658e9f52d22c9c30af279b4187/orjson-3.10.12-cp313-cp313-musllinux_1_2_armv7l.whl", hash = "sha256:3f250ce7727b0b2682f834a3facff88e310f52f07a5dcfd852d99637d386e79e", size = 415710, upload-time = "2024-11-23T19:42:00.953Z" },
    { url = "https://files.pythonhosted.org/packages/71/af/c09da5ed58f9c002cf83adff7a4cdf3e6cee742aa9723395f8dcdb397233/orjson-3.10.12-cp313-cp313-musllinux_1_2_i686.whl", hash = "sha256:f31422ff9486ae484f10ffc51b5ab2a60359e92d0716fcce1b3593d7bb8a9af6", size = 142305, upload-time = "2024-11-23T19:42:02.56Z" },
    { url = "https://files.pythonhosted.org/packages/17/d1/8612038d44f33fae231e9ba480d273bac2b0383ce9e77cb06bede1224ae3/orjson-3.10.12-cp313-cp313-musllinux_1_2_x86_64.whl", hash = "sha256:5f29c5d282bb2d577c2a6bbde88d8fdcc4919c593f806aac50133f01b733846e", size = 130815, upload-time = "2024-11-23T19:42:04.868Z" },
    { url = "https://files.pythonhosted.org/packages/67/2c/d5f87834be3591555cfaf9aecdf28f480a6f0b4afeaac53bad534bf9518f/orjson-3.10.12-cp313-none-win32.whl", hash = "sha256:f45653775f38f63dc0e6cd4f14323984c3149c05d6007b58cb154dd080ddc0dc", size = 143664, upload-time = "2024-11-23T19:42:06.349Z" },
    { url = "https://files.pythonhosted.org/packages/6a/05/7d768fa3ca23c9b3e1e09117abeded1501119f1d8de0ab722938c91ab25d/orjson-3.10.12-cp313-none-win_amd64.whl", hash = "sha256:229994d0c376d5bdc91d92b3c9e6be2f1fbabd4cc1b59daae1443a46ee5e9825", size = 134944, upload-time = "2024-11-23T19:42:07.842Z" },
]

[[package]]
name = "python-dateutil"
version = "2.9.0.post0"
source = { registry = "https://pypi.org/simple" }
dependencies = [
    { name = "six" },
]
sdist = { url = "https://files.pythonhosted.org/packages/66/c0/0c8b6ad9f17a802ee498c46e004a0eb49bc148f2fd230864601a86dcf6db/python-dateutil-2.9.0.post0.tar.gz", hash = "sha256:37dd54208da7e1cd875388217d5e00ebd4179249f90fb72437e91a35459a0ad3", size = 342432, upload-time = "2024-03-01T18:36:20.211Z" }
wheels = [
    { url = "https://files.pythonhosted.org/packages/ec/57/56b9bcc3c9c6a792fcbaf139543cee77261f3651ca9da0c93f5c1221264b/python_dateutil-2.9.0.post0-py2.py3-none-any.whl", hash = "sha256:a8b2bc7bffae282281c8140a97d3aa9c14da0b136dfe83f850eea9a5f7470427", size = 229892, upload-time = "2024-03-01T18:36:18.57Z" },
]

[[package]]
name = "six"
version = "1.17.0"
source = { registry = "https://pypi.org/simple" }
sdist = { url = "https://files.pythonhosted.org/packages/94/e7/b2c673351809dca68a0e064b6af791aa332cf192da575fd474ed7d6f16a2/six-1.17.0.tar.gz", hash = "sha256:ff70335d468e7eb6ec65b95b99d3a2836546063f63acc5171de367e834932a81", size = 34031, upload-time = "2024-12-04T17:35:28.174Z" }
wheels = [
    { url = "https://files.pythonhosted.org/packages/b7/ce/149a00dd41f10bc29e5921b496af8b574d8413afcd5e30dfa0ed46c2cc5e/six-1.17.0-py2.py3-none-any.whl", hash = "sha256:4721f391ed90541fddacab5acf947aa0d3dc7d27b2e1e8eda2be8970586c3274", size = 11050, upload-time = "2024-12-04T17:35:26.475Z" },
]

[[package]]
name = "typing-extensions"
version = "4.15.0"
source = { registry = "https://pypi.org/simple" }
sdist = { url = "https://files.pythonhosted.org/packages/72/94/1a15dd82efb362ac84269196e94cf00f187f7ed21c242792a923cdb1c61f/typing_extensions-4.15.0.tar.gz", hash = "sha256:0cea48d173cc12fa28ecabc3b837ea3cf6f38c6d1136f85cbaaf598984861466", size = 109391, upload-time = "2025-08-25T13:49:26.313Z" }
wheels = [
    { url = "https://files.pythonhosted.org/packages/18/67/36e9267722cc04a6b9f15c7f3441c2363321a3ea07da7ae0c0707beb2a9c/typing_extensions-4.15.0-py3-none-any.whl", hash = "sha256:f0fa19c6845758ab08074a0cfa8b7aecb71c999ca73d62883bc25cc018c4e548", size = 44614, upload-time = "2025-08-25T13:49:24.86Z" },
]

[[package]]
name = "urllib3"
version = "2.5.0"
source = { registry = "https://pypi.org/simple" }
sdist = { url = "https://files.pythonhosted.org/packages/15/22/9ee70a2574a4f4599c47dd506532914ce044817c7752a79b6a51286319bc/urllib3-2.5.0.tar.gz", hash = "sha256:3fc47733c7e419d4bc3f6b3dc2b4f890bb743906a30d56ba4a5bfa4bbff92760", size = 393185, upload-time = "2025-06-18T14:07:41.644Z" }
wheels = [
    { url = "https://files.pythonhosted.org/packages/a7/c2/fe1e52489ae3122415c51f387e221dd0773709bad6c6cdaa599e8a2c5185/urllib3-2.5.0-py3-none-any.whl", hash = "sha256:e6b01673c0fa6a13e374b50871808eb3bf7046c4b125b216f6bf1cc604cff0dc", size = 129795, upload-time = "2025-06-18T14:07:40.39Z" },
]
